<?xml version="1.0" encoding="UTF-8" standalone="yes" ?>
<CodeBlocks_project_file>
	<FileVersion major="1" minor="6" />
	<Project>
		<Option title="firmware2" />
		<Option makefile_is_custom="1" />
		<Option pch_mode="2" />
		<Option compiler="gcc" />
		<MakeCommands>
			<Build command="/home/johannes/.local/bin/platformio -f -c codeblocks run" />
			<CompileFile command="/home/johannes/.local/bin/platformio -f -c codeblocks run" />
			<Clean command="/home/johannes/.local/bin/platformio -f -c codeblocks run -t clean" />
			<DistClean command="/home/johannes/.local/bin/platformio -f -c codeblocks run -t clean" />
			<AskRebuildNeeded command="1" />
			<SilentBuild command="/home/johannes/.local/bin/platformio -f -c codeblocks run &gt; $(CMD_NULL)" />
		</MakeCommands>
		<Build>
			<Target title="Debug">
				<Option type="4" />
				<Option compiler="gcc" />
				<Option parameters="-f -c codeblocks run -t upload" />
				<Option host_application="/home/johannes/.local/bin/platformio" />
				<Option run_host_application_in_terminal="1" />
				<MakeCommands>
					<Build command="/home/johannes/.local/bin/platformio -f -c codeblocks run" />
					<CompileFile command="/home/johannes/.local/bin/platformio -f -c codeblocks run" />
					<Clean command="/home/johannes/.local/bin/platformio -f -c codeblocks run -t clean" />
					<DistClean command="/home/johannes/.local/bin/platformio -f -c codeblocks run -t clean" />
					<AskRebuildNeeded command="1" />
					<SilentBuild command="/home/johannes/.local/bin/platformio -f -c codeblocks run &gt; $(CMD_NULL)" />
				</MakeCommands>
			</Target>
			<Target title="Release">
				<Option type="4" />
				<Option compiler="gcc" />
				<Option parameters="-f -c codeblocks run -t upload" />
				<Option host_application="/home/johannes/.local/bin/platformio" />
				<Option run_host_application_in_terminal="1" />
				<MakeCommands>
					<Build command="/home/johannes/.local/bin/platformio -f -c codeblocks run" />
					<CompileFile command="/home/johannes/.local/bin/platformio -f -c codeblocks run" />
					<Clean command="/home/johannes/.local/bin/platformio -f -c codeblocks run -t clean" />
					<DistClean command="/home/johannes/.local/bin/platformio -f -c codeblocks run -t clean" />
					<AskRebuildNeeded command="1" />
					<SilentBuild command="/home/johannes/.local/bin/platformio -f -c codeblocks run &gt; $(CMD_NULL)" />
				</MakeCommands>
			</Target>
		</Build>
		<Compiler>
			<Add option="-DPLATFORMIO=40304" />
			<Add option="-DARDUINO_AVR_MEGA2560" />
			<Add option="-DDMX_USE_PORT1" />
			<Add option="-DF_CPU=16000000L" />
			<Add option="-DARDUINO_ARCH_AVR" />
			<Add option="-DARDUINO=10808" />
			<Add option="-D__AVR_ATmega2560__" />
			<Add directory="/home/johannes/Documents/Projects/dmx-colormatch/firmware2/include" />
			<Add directory="/home/johannes/Documents/Projects/dmx-colormatch/firmware2/src" />
			<Add directory="/home/johannes/.platformio/packages/framework-arduino-avr/libraries/EEPROM/src" />
			<Add directory="/home/johannes/.platformio/packages/framework-arduino-avr/libraries/SPI/src" />
			<Add directory="/home/johannes/.platformio/packages/framework-arduino-avr/libraries/Wire/src" />
			<Add directory="/home/johannes/Documents/Projects/dmx-colormatch/firmware2/lib/Automaton/src" />
			<Add directory="/home/johannes/Documents/Projects/dmx-colormatch/firmware2/.pio/libdeps/megaatmega2560/DMXSerial/src" />
			<Add directory="/home/johannes/.platformio/packages/framework-arduino-avr/cores/arduino" />
			<Add directory="/home/johannes/.platformio/packages/framework-arduino-avr/variants/mega" />
			<Add directory="/home/johannes/.platformio/packages/framework-arduino-avr/libraries/HID/src" />
			<Add directory="/home/johannes/.platformio/packages/framework-arduino-avr/libraries/SoftwareSerial/src" />
			<Add directory="/home/johannes/.platformio/packages/toolchain-atmelavr@1.50400.190710/lib/gcc/avr/5.4.0/include-fixed" />
			<Add directory="/home/johannes/.platformio/packages/toolchain-atmelavr@1.50400.190710/lib/gcc/avr/5.4.0/include" />
			<Add directory="/home/johannes/.platformio/packages/toolchain-atmelavr@1.50400.190710/avr/include" />
			<Add directory="/home/johannes/.platformio/packages/tool-unity" />
		</Compiler>
		<Unit filename="lib/Automaton/src/Atm_analog.cpp" />
		<Unit filename="lib/Automaton/src/Atm_analog.hpp" />
		<Unit filename="lib/Automaton/src/Atm_bit.cpp" />
		<Unit filename="lib/Automaton/src/Atm_bit.hpp" />
		<Unit filename="lib/Automaton/src/Atm_button.cpp" />
		<Unit filename="lib/Automaton/src/Atm_button.hpp" />
		<Unit filename="lib/Automaton/src/Atm_command.cpp" />
		<Unit filename="lib/Automaton/src/Atm_command.hpp" />
		<Unit filename="lib/Automaton/src/Atm_comparator.cpp" />
		<Unit filename="lib/Automaton/src/Atm_comparator.hpp" />
		<Unit filename="lib/Automaton/src/Atm_controller.cpp" />
		<Unit filename="lib/Automaton/src/Atm_controller.hpp" />
		<Unit filename="lib/Automaton/src/Atm_digital.cpp" />
		<Unit filename="lib/Automaton/src/Atm_digital.hpp" />
		<Unit filename="lib/Automaton/src/Atm_encoder.cpp" />
		<Unit filename="lib/Automaton/src/Atm_encoder.hpp" />
		<Unit filename="lib/Automaton/src/Atm_fade.cpp" />
		<Unit filename="lib/Automaton/src/Atm_fade.hpp" />
		<Unit filename="lib/Automaton/src/Atm_fan.cpp" />
		<Unit filename="lib/Automaton/src/Atm_fan.hpp" />
		<Unit filename="lib/Automaton/src/Atm_led.cpp" />
		<Unit filename="lib/Automaton/src/Atm_led.hpp" />
		<Unit filename="lib/Automaton/src/Atm_player.cpp" />
		<Unit filename="lib/Automaton/src/Atm_player.hpp" />
		<Unit filename="lib/Automaton/src/Atm_step.cpp" />
		<Unit filename="lib/Automaton/src/Atm_step.hpp" />
		<Unit filename="lib/Automaton/src/Atm_timer.cpp" />
		<Unit filename="lib/Automaton/src/Atm_timer.hpp" />
		<Unit filename="lib/Automaton/src/Automaton.cpp" />
		<Unit filename="lib/Automaton/src/Automaton.h" />
		<Unit filename="lib/Automaton/src/Machine.cpp" />
		<Unit filename="lib/Automaton/src/Machine.hpp" />
		<Unit filename="lib/Automaton/src/atm_connector.cpp" />
		<Unit filename="lib/Automaton/src/atm_connector.hpp" />
		<Unit filename="lib/Automaton/src/atm_counter.cpp" />
		<Unit filename="lib/Automaton/src/atm_counter.hpp" />
		<Unit filename="lib/Automaton/src/atm_serial_debug.hpp" />
		<Unit filename="lib/Automaton/src/atm_timer_millis.cpp" />
		<Unit filename="lib/Automaton/src/atm_timer_millis.hpp" />
		<Unit filename="platformio.ini" />
		<Unit filename="src/AtmButtonExp.cpp" />
		<Unit filename="src/AtmButtonExp.h" />
		<Unit filename="src/TCS34725.h" />
		<Unit filename="src/fsmmain.cpp" />
		<Unit filename="src/fsmmain.h" />
		<Unit filename="src/fsmui.cpp" />
		<Unit filename="src/fsmui.h" />
		<Unit filename="src/globals.h" />
		<Unit filename="src/main.cpp" />
		<Unit filename="src/parandvals.cpp" />
		<Unit filename="src/parandvals.h" />
		<Unit filename="src/rambutoon.cpp" />
		<Unit filename="src/rambutoon.h" />
		<Unit filename="src/serial.h" />
		<Extensions />
	</Project>
</CodeBlocks_project_file>
